
Microsoft Visual Studio Solution File, Format Version 12.00
# Visual Studio 15
VisualStudioVersion = 15.0.27428.2037
MinimumVisualStudioVersion = 10.0.40219.1
Project("{FAE04EC0-301F-11D3-BF4B-00C04F79EFBC}") = "WeeklyCourseCalendar.Domain", "WeeklyCourseCalendar.Domain\WeeklyCourseCalendar.Domain.csproj", "{EB777901-6C2D-4D72-9FC3-03A6C4AE4E16}"
EndProject
Global
	GlobalSection(SolutionConfigurationPlatforms) = preSolution
		Debug|Any CPU = Debug|Any CPU
		Release|Any CPU = Release|Any CPU
	EndGlobalSection
	GlobalSection(ProjectConfigurationPlatforms) = postSolution
		{EB777901-6C2D-4D72-9FC3-03A6C4AE4E16}.Debug|Any CPU.ActiveCfg = Debug|Any CPU
		{EB777901-6C2D-4D72-9FC3-03A6C4AE4E16}.Debug|Any CPU.Build.0 = Debug|Any CPU
		{EB777901-6C2D-4D72-9FC3-03A6C4AE4E16}.Release|Any CPU.ActiveCfg = Release|Any CPU
		{EB777901-6C2D-4D72-9FC3-03A6C4AE4E16}.Release|Any CPU.Build.0 = Release|Any CPU
	EndGlobalSection
	GlobalSection(SolutionProperties) = preSolution
		HideSolutionNode = FALSE
	EndGlobalSection
	GlobalSection(ExtensibilityGlobals) = postSolution
		SolutionGuid = {81BA0EC0-2669-4A37-A77B-68835A8B7ED0}
	EndGlobalSection
EndGlobal
