
Microsoft Visual Studio Solution File, Format Version 12.00
# Visual Studio 15
VisualStudioVersion = 15.0.27428.2037
MinimumVisualStudioVersion = 10.0.40219.1
Project("{9A19103F-16F7-4668-BE54-9A1E7A4F7556}") = "WeeklyCourseCalendar.Domain", "WeeklyCourseCalendar.Domain\WeeklyCourseCalendar.Domain.csproj", "{EB777901-6C2D-4D72-9FC3-03A6C4AE4E16}"
EndProject
Project("{9A19103F-16F7-4668-BE54-9A1E7A4F7556}") = "WeeklyCourseCalendar.Domain.Tests", "WeeklyCourseCalendar.Domain.Tests\WeeklyCourseCalendar.Domain.Tests.csproj", "{F4C0E08D-0381-4881-ACCD-24E75268F0E1}"
EndProject
Project("{9A19103F-16F7-4668-BE54-9A1E7A4F7556}") = "WeeklyCourseCalendar.Data", "WeeklyCourseCalendar.Data\WeeklyCourseCalendar.Data.csproj", "{667617D8-2AFF-4DDB-836B-DAA77E71E43A}"
EndProject
Project("{9A19103F-16F7-4668-BE54-9A1E7A4F7556}") = "WeeklyCourseCalendar.Data.Tests", "WeeklyCourseCalendar.Data.Tests\WeeklyCourseCalendar.Data.Tests.csproj", "{4D5353AE-A553-49CB-9309-512EB31F9BDD}"
EndProject
Project("{FAE04EC0-301F-11D3-BF4B-00C04F79EFBC}") = "WeeklyCourseCalendar.App", "WeeklyCourseCalendar.App\WeeklyCourseCalendar.App.csproj", "{C171E68F-6A5B-49B9-B9FB-F84B06CF23FE}"
EndProject
Global
	GlobalSection(SolutionConfigurationPlatforms) = preSolution
		Debug|Any CPU = Debug|Any CPU
		Release|Any CPU = Release|Any CPU
	EndGlobalSection
	GlobalSection(ProjectConfigurationPlatforms) = postSolution
		{EB777901-6C2D-4D72-9FC3-03A6C4AE4E16}.Debug|Any CPU.ActiveCfg = Debug|Any CPU
		{EB777901-6C2D-4D72-9FC3-03A6C4AE4E16}.Debug|Any CPU.Build.0 = Debug|Any CPU
		{EB777901-6C2D-4D72-9FC3-03A6C4AE4E16}.Release|Any CPU.ActiveCfg = Release|Any CPU
		{EB777901-6C2D-4D72-9FC3-03A6C4AE4E16}.Release|Any CPU.Build.0 = Release|Any CPU
		{F4C0E08D-0381-4881-ACCD-24E75268F0E1}.Debug|Any CPU.ActiveCfg = Debug|Any CPU
		{F4C0E08D-0381-4881-ACCD-24E75268F0E1}.Debug|Any CPU.Build.0 = Debug|Any CPU
		{F4C0E08D-0381-4881-ACCD-24E75268F0E1}.Release|Any CPU.ActiveCfg = Release|Any CPU
		{F4C0E08D-0381-4881-ACCD-24E75268F0E1}.Release|Any CPU.Build.0 = Release|Any CPU
		{667617D8-2AFF-4DDB-836B-DAA77E71E43A}.Debug|Any CPU.ActiveCfg = Debug|Any CPU
		{667617D8-2AFF-4DDB-836B-DAA77E71E43A}.Debug|Any CPU.Build.0 = Debug|Any CPU
		{667617D8-2AFF-4DDB-836B-DAA77E71E43A}.Release|Any CPU.ActiveCfg = Release|Any CPU
		{667617D8-2AFF-4DDB-836B-DAA77E71E43A}.Release|Any CPU.Build.0 = Release|Any CPU
		{4D5353AE-A553-49CB-9309-512EB31F9BDD}.Debug|Any CPU.ActiveCfg = Debug|Any CPU
		{4D5353AE-A553-49CB-9309-512EB31F9BDD}.Debug|Any CPU.Build.0 = Debug|Any CPU
		{4D5353AE-A553-49CB-9309-512EB31F9BDD}.Release|Any CPU.ActiveCfg = Release|Any CPU
		{4D5353AE-A553-49CB-9309-512EB31F9BDD}.Release|Any CPU.Build.0 = Release|Any CPU
		{C171E68F-6A5B-49B9-B9FB-F84B06CF23FE}.Debug|Any CPU.ActiveCfg = Debug|Any CPU
		{C171E68F-6A5B-49B9-B9FB-F84B06CF23FE}.Debug|Any CPU.Build.0 = Debug|Any CPU
		{C171E68F-6A5B-49B9-B9FB-F84B06CF23FE}.Release|Any CPU.ActiveCfg = Release|Any CPU
		{C171E68F-6A5B-49B9-B9FB-F84B06CF23FE}.Release|Any CPU.Build.0 = Release|Any CPU
	EndGlobalSection
	GlobalSection(SolutionProperties) = preSolution
		HideSolutionNode = FALSE
	EndGlobalSection
	GlobalSection(ExtensibilityGlobals) = postSolution
		SolutionGuid = {81BA0EC0-2669-4A37-A77B-68835A8B7ED0}
	EndGlobalSection
EndGlobal
